
Microsoft Visual Studio Solution File, Format Version 12.00
# Visual Studio Version 17
VisualStudioVersion = 17.0.32014.148
MinimumVisualStudioVersion = 10.0.40219.1
Project("{FAE04EC0-301F-11D3-BF4B-00C04F79EFBC}") = "EFCoreLesson4Task1", "EFCoreLesson4Task1\EFCoreLesson4Task1.csproj", "{3AA10135-3535-44A7-8749-EEEB106507C5}"
EndProject
Global
	GlobalSection(SolutionConfigurationPlatforms) = preSolution
		Debug|Any CPU = Debug|Any CPU
		Release|Any CPU = Release|Any CPU
	EndGlobalSection
	GlobalSection(ProjectConfigurationPlatforms) = postSolution
		{3AA10135-3535-44A7-8749-EEEB106507C5}.Debug|Any CPU.ActiveCfg = Debug|Any CPU
		{3AA10135-3535-44A7-8749-EEEB106507C5}.Debug|Any CPU.Build.0 = Debug|Any CPU
		{3AA10135-3535-44A7-8749-EEEB106507C5}.Release|Any CPU.ActiveCfg = Release|Any CPU
		{3AA10135-3535-44A7-8749-EEEB106507C5}.Release|Any CPU.Build.0 = Release|Any CPU
	EndGlobalSection
	GlobalSection(SolutionProperties) = preSolution
		HideSolutionNode = FALSE
	EndGlobalSection
	GlobalSection(ExtensibilityGlobals) = postSolution
		SolutionGuid = {C0ACD085-0575-4BA6-A6C3-68F53FC355BC}
	EndGlobalSection
EndGlobal
